
Microsoft Visual Studio Solution File, Format Version 12.00
# Visual Studio Version 17
VisualStudioVersion = 17.4.33103.184
MinimumVisualStudioVersion = 10.0.40219.1
Project("{9A19103F-16F7-4668-BE54-9A1E7A4F7556}") = "PikaServer.Api", "PikaServer.Api\PikaServer.Api.csproj", "{45F4E248-6610-494A-B7B7-79BFE2019621}"
EndProject
Project("{9A19103F-16F7-4668-BE54-9A1E7A4F7556}") = "PikaServer.Infras", "PikaServer.Infras\PikaServer.Infras.csproj", "{42A8DF33-FEFF-43D5-B170-C0B183D51206}"
EndProject
Project("{9A19103F-16F7-4668-BE54-9A1E7A4F7556}") = "PikaServer.Common", "PikaServer.Common\PikaServer.Common.csproj", "{9A84AAC7-68D1-4C35-89CC-152D2F25E933}"
EndProject
Project("{9A19103F-16F7-4668-BE54-9A1E7A4F7556}") = "PikaServer.Domain", "PikaServer.Domain\PikaServer.Domain.csproj", "{EF9EA470-CB28-4A7C-A320-705AD994F680}"
EndProject
Project("{FAE04EC0-301F-11D3-BF4B-00C04F79EFBC}") = "PikaServer.Persistence", "PikaServer.Persistence\PikaServer.Persistence.csproj", "{CF8F94A7-7079-4C00-A265-C036A5A6EED7}"
EndProject
Global
	GlobalSection(SolutionConfigurationPlatforms) = preSolution
		Debug|Any CPU = Debug|Any CPU
		Release|Any CPU = Release|Any CPU
	EndGlobalSection
	GlobalSection(ProjectConfigurationPlatforms) = postSolution
		{45F4E248-6610-494A-B7B7-79BFE2019621}.Debug|Any CPU.ActiveCfg = Debug|Any CPU
		{45F4E248-6610-494A-B7B7-79BFE2019621}.Debug|Any CPU.Build.0 = Debug|Any CPU
		{45F4E248-6610-494A-B7B7-79BFE2019621}.Release|Any CPU.ActiveCfg = Release|Any CPU
		{45F4E248-6610-494A-B7B7-79BFE2019621}.Release|Any CPU.Build.0 = Release|Any CPU
		{42A8DF33-FEFF-43D5-B170-C0B183D51206}.Debug|Any CPU.ActiveCfg = Debug|Any CPU
		{42A8DF33-FEFF-43D5-B170-C0B183D51206}.Debug|Any CPU.Build.0 = Debug|Any CPU
		{42A8DF33-FEFF-43D5-B170-C0B183D51206}.Release|Any CPU.ActiveCfg = Release|Any CPU
		{42A8DF33-FEFF-43D5-B170-C0B183D51206}.Release|Any CPU.Build.0 = Release|Any CPU
		{9A84AAC7-68D1-4C35-89CC-152D2F25E933}.Debug|Any CPU.ActiveCfg = Debug|Any CPU
		{9A84AAC7-68D1-4C35-89CC-152D2F25E933}.Debug|Any CPU.Build.0 = Debug|Any CPU
		{9A84AAC7-68D1-4C35-89CC-152D2F25E933}.Release|Any CPU.ActiveCfg = Release|Any CPU
		{9A84AAC7-68D1-4C35-89CC-152D2F25E933}.Release|Any CPU.Build.0 = Release|Any CPU
		{EF9EA470-CB28-4A7C-A320-705AD994F680}.Debug|Any CPU.ActiveCfg = Debug|Any CPU
		{EF9EA470-CB28-4A7C-A320-705AD994F680}.Debug|Any CPU.Build.0 = Debug|Any CPU
		{EF9EA470-CB28-4A7C-A320-705AD994F680}.Release|Any CPU.ActiveCfg = Release|Any CPU
		{EF9EA470-CB28-4A7C-A320-705AD994F680}.Release|Any CPU.Build.0 = Release|Any CPU
		{CF8F94A7-7079-4C00-A265-C036A5A6EED7}.Debug|Any CPU.ActiveCfg = Debug|Any CPU
		{CF8F94A7-7079-4C00-A265-C036A5A6EED7}.Debug|Any CPU.Build.0 = Debug|Any CPU
		{CF8F94A7-7079-4C00-A265-C036A5A6EED7}.Release|Any CPU.ActiveCfg = Release|Any CPU
		{CF8F94A7-7079-4C00-A265-C036A5A6EED7}.Release|Any CPU.Build.0 = Release|Any CPU
	EndGlobalSection
	GlobalSection(SolutionProperties) = preSolution
		HideSolutionNode = FALSE
	EndGlobalSection
	GlobalSection(ExtensibilityGlobals) = postSolution
		SolutionGuid = {486C259E-3BA8-4F3F-AC17-DBC722D734C0}
	EndGlobalSection
EndGlobal
